Console.WriteLine("Please enter an interger: ");
int num = Convert.ToInt32(Console.ReadLine());

if (num == 0)
{
    Console.WriteLine("This is Zero");
}
else
{
    if (num > 0)
    {
        Console.WriteLine("This is a positive integer");
    }
    else if (num < 0)
    {
        Console.WriteLine("This is a negative integer");
    }
}
