// Ask for a users age
Console.WriteLine("What is your age?: ");
int age = Convert.ToInt32(Console.ReadLine());

if (age < 0 || age > 110)
{
    Console.WriteLine("Please enter a number between 0 & 100");
}
else
{
    if (age < 13)
    {
        Console.WriteLine("You are a child");
    }
    else if (age <= 19)
    {
        Console.WriteLine("You're a teenager");
    }
    else if (age > 19) {
        Console.WriteLine("You're an Adult");
    }
}
