
Microsoft Visual Studio Solution File, Format Version 12.00
# Visual Studio Version 17
VisualStudioVersion = 17.11.35312.102
MinimumVisualStudioVersion = 10.0.40219.1
Project("{FAE04EC0-301F-11D3-BF4B-00C04F79EFBC}") = "Write-Name", "Write-Name\Write-Name.csproj", "{5E10A137-0401-4693-A64D-EC2E7FA49A9C}"
EndProject
Global
	GlobalSection(SolutionConfigurationPlatforms) = preSolution
		Debug|Any CPU = Debug|Any CPU
		Release|Any CPU = Release|Any CPU
	EndGlobalSection
	GlobalSection(ProjectConfigurationPlatforms) = postSolution
		{5E10A137-0401-4693-A64D-EC2E7FA49A9C}.Debug|Any CPU.ActiveCfg = Debug|Any CPU
		{5E10A137-0401-4693-A64D-EC2E7FA49A9C}.Debug|Any CPU.Build.0 = Debug|Any CPU
		{5E10A137-0401-4693-A64D-EC2E7FA49A9C}.Release|Any CPU.ActiveCfg = Release|Any CPU
		{5E10A137-0401-4693-A64D-EC2E7FA49A9C}.Release|Any CPU.Build.0 = Release|Any CPU
	EndGlobalSection
	GlobalSection(SolutionProperties) = preSolution
		HideSolutionNode = FALSE
	EndGlobalSection
	GlobalSection(ExtensibilityGlobals) = postSolution
		SolutionGuid = {0E913BCD-739C-4B43-BF65-7FE18A5DD70C}
	EndGlobalSection
EndGlobal
